
Microsoft Visual Studio Solution File, Format Version 12.00
# Visual Studio Version 16
VisualStudioVersion = 16.0.28803.202
MinimumVisualStudioVersion = 10.0.40219.1
Project("{FAE04EC0-301F-11D3-BF4B-00C04F79EFBC}") = "Germane1", "Germane1\Germane1.csproj", "{89179D1E-E599-4038-B494-972CAFA585EF}"
EndProject
Global
	GlobalSection(SolutionConfigurationPlatforms) = preSolution
		Debug|Any CPU = Debug|Any CPU
		Release|Any CPU = Release|Any CPU
	EndGlobalSection
	GlobalSection(ProjectConfigurationPlatforms) = postSolution
		{89179D1E-E599-4038-B494-972CAFA585EF}.Debug|Any CPU.ActiveCfg = Debug|Any CPU
		{89179D1E-E599-4038-B494-972CAFA585EF}.Debug|Any CPU.Build.0 = Debug|Any CPU
		{89179D1E-E599-4038-B494-972CAFA585EF}.Release|Any CPU.ActiveCfg = Release|Any CPU
		{89179D1E-E599-4038-B494-972CAFA585EF}.Release|Any CPU.Build.0 = Release|Any CPU
	EndGlobalSection
	GlobalSection(SolutionProperties) = preSolution
		HideSolutionNode = FALSE
	EndGlobalSection
	GlobalSection(ExtensibilityGlobals) = postSolution
		SolutionGuid = {7FC99918-F33C-4AA4-81C2-75A0C54ECBC2}
	EndGlobalSection
EndGlobal
